
Microsoft Visual Studio Solution File, Format Version 12.00
# Visual Studio 15
VisualStudioVersion = 15.0.27703.2042
MinimumVisualStudioVersion = 10.0.40219.1
Project("{FAE04EC0-301F-11D3-BF4B-00C04F79EFBC}") = "WebAppBiblioteca", "WebAppBiblioteca\WebAppBiblioteca.csproj", "{08CCE8D5-00CB-45D6-84F0-9539B2F3CC8F}"
EndProject
Global
	GlobalSection(SolutionConfigurationPlatforms) = preSolution
		Debug|Any CPU = Debug|Any CPU
		Release|Any CPU = Release|Any CPU
	EndGlobalSection
	GlobalSection(ProjectConfigurationPlatforms) = postSolution
		{08CCE8D5-00CB-45D6-84F0-9539B2F3CC8F}.Debug|Any CPU.ActiveCfg = Debug|Any CPU
		{08CCE8D5-00CB-45D6-84F0-9539B2F3CC8F}.Debug|Any CPU.Build.0 = Debug|Any CPU
		{08CCE8D5-00CB-45D6-84F0-9539B2F3CC8F}.Release|Any CPU.ActiveCfg = Release|Any CPU
		{08CCE8D5-00CB-45D6-84F0-9539B2F3CC8F}.Release|Any CPU.Build.0 = Release|Any CPU
	EndGlobalSection
	GlobalSection(SolutionProperties) = preSolution
		HideSolutionNode = FALSE
	EndGlobalSection
	GlobalSection(ExtensibilityGlobals) = postSolution
		SolutionGuid = {79AE2A0E-718A-4870-BCB0-12AE83C352E0}
	EndGlobalSection
EndGlobal
